version: 2.0
shards:
  bisect:
    git: https://github.com/spider-gazelle/bisect.git
    version: 1.2.1

  crystalline:
    git: https://github.com/elbywan/crystalline.git
    version: 0.17.1

  lsp:
    git: https://github.com/elbywan/crystal-lsp.git
    version: 0.1.2

  priority-queue:
    git: https://github.com/spider-gazelle/priority-queue.git
    version: 1.1.2

